
Microsoft Visual Studio Solution File, Format Version 12.00
# Visual Studio Version 17
VisualStudioVersion = 17.11.35312.102
MinimumVisualStudioVersion = 10.0.40219.1
Project("{9A19103F-16F7-4668-BE54-9A1E7A4F7556}") = "DentinhoFeliz", "DentinhoFeliz.csproj", "{86DDB00C-5456-4C08-AE59-E5D7041D900C}"
EndProject
Project("{2150E333-8FDC-42A3-9474-1A3956D46DE8}") = "Itens de Solução", "Itens de Solução", "{CAF8264E-69BC-46C2-BF23-D0683B8139EE}"
	ProjectSection(SolutionItems) = preProject
		.gitignore = .gitignore
	EndProjectSection
EndProject
Global
	GlobalSection(SolutionConfigurationPlatforms) = preSolution
		Debug|Any CPU = Debug|Any CPU
		Release|Any CPU = Release|Any CPU
	EndGlobalSection
	GlobalSection(ProjectConfigurationPlatforms) = postSolution
		{86DDB00C-5456-4C08-AE59-E5D7041D900C}.Debug|Any CPU.ActiveCfg = Debug|Any CPU
		{86DDB00C-5456-4C08-AE59-E5D7041D900C}.Debug|Any CPU.Build.0 = Debug|Any CPU
		{86DDB00C-5456-4C08-AE59-E5D7041D900C}.Release|Any CPU.ActiveCfg = Release|Any CPU
		{86DDB00C-5456-4C08-AE59-E5D7041D900C}.Release|Any CPU.Build.0 = Release|Any CPU
	EndGlobalSection
	GlobalSection(SolutionProperties) = preSolution
		HideSolutionNode = FALSE
	EndGlobalSection
	GlobalSection(ExtensibilityGlobals) = postSolution
		SolutionGuid = {E3749D7C-6441-4434-9978-21ECA5491803}
	EndGlobalSection
EndGlobal
